
Microsoft Visual Studio Solution File, Format Version 12.00
# Visual Studio 15
VisualStudioVersion = 15.0.28307.1433
MinimumVisualStudioVersion = 10.0.40219.1
Project("{159641D6-6404-4A2A-AE62-294DE0FE8301}") = "Women In STEM Data Extraction", "Women In STEM Data Extraction\Women In STEM Data Extraction.dtproj", "{7E7B340E-5CE0-4282-980B-6B828C654262}"
EndProject
Global
	GlobalSection(SolutionConfigurationPlatforms) = preSolution
		Development|Default = Development|Default
	EndGlobalSection
	GlobalSection(ProjectConfigurationPlatforms) = postSolution
		{7E7B340E-5CE0-4282-980B-6B828C654262}.Development|Default.ActiveCfg = Development
		{7E7B340E-5CE0-4282-980B-6B828C654262}.Development|Default.Build.0 = Development
	EndGlobalSection
	GlobalSection(SolutionProperties) = preSolution
		HideSolutionNode = FALSE
	EndGlobalSection
	GlobalSection(ExtensibilityGlobals) = postSolution
		SolutionGuid = {0981230C-EE8B-4502-9ED7-C38144342D90}
	EndGlobalSection
EndGlobal
